<?xml version="1.0" encoding="utf-8"?>
<Project ToolsVersion="17.0" xmlns="http://schemas.microsoft.com/developer/msbuild/2003">
  <ItemGroup>
    <CustomBuild Include="C:\src\OpenGL\NeHe_Lesson06-master\build.cmake\VS2022X32\CMakeFiles\50d50a7b10fdda149abbafedcdf92920\generate.stamp.rule">
      <Filter>CMake Rules</Filter>
    </CustomBuild>
  </ItemGroup>
  <ItemGroup>
    <Filter Include="CMake Rules">
      <UniqueIdentifier>{DF44FE46-C7E9-3EE0-9F34-D654A1E2478F}</UniqueIdentifier>
    </Filter>
  </ItemGroup>
</Project>
